
Microsoft Visual Studio Solution File, Format Version 12.00
# Visual Studio Version 16
VisualStudioVersion = 16.0.31019.35
MinimumVisualStudioVersion = 10.0.40219.1
Project("{9A19103F-16F7-4668-BE54-9A1E7A4F7556}") = "SistemaTerapeutico.API", "SistemaTerapeutico.API\SistemaTerapeutico.API.csproj", "{3D7EE44C-9FAC-4AB1-9BE3-492A48202523}"
	ProjectSection(ProjectDependencies) = postProject
		{43912501-1FA9-4648-9D7F-C3EF4841F28B} = {43912501-1FA9-4648-9D7F-C3EF4841F28B}
		{90BD601D-7FA6-4F9F-A928-FE94AD0ED0C9} = {90BD601D-7FA6-4F9F-A928-FE94AD0ED0C9}
	EndProjectSection
EndProject
Project("{9A19103F-16F7-4668-BE54-9A1E7A4F7556}") = "SistemaTerapeutico.Core", "SistemaTerapeutico.Core\SistemaTerapeutico.Core.csproj", "{43912501-1FA9-4648-9D7F-C3EF4841F28B}"
EndProject
Project("{9A19103F-16F7-4668-BE54-9A1E7A4F7556}") = "SistemaTerapeutico.Infrastucture", "SistemaTerapeutico.Infrastucture\SistemaTerapeutico.Infrastucture.csproj", "{90BD601D-7FA6-4F9F-A928-FE94AD0ED0C9}"
	ProjectSection(ProjectDependencies) = postProject
		{43912501-1FA9-4648-9D7F-C3EF4841F28B} = {43912501-1FA9-4648-9D7F-C3EF4841F28B}
	EndProjectSection
EndProject
Global
	GlobalSection(SolutionConfigurationPlatforms) = preSolution
		Debug|Any CPU = Debug|Any CPU
		Release|Any CPU = Release|Any CPU
	EndGlobalSection
	GlobalSection(ProjectConfigurationPlatforms) = postSolution
		{3D7EE44C-9FAC-4AB1-9BE3-492A48202523}.Debug|Any CPU.ActiveCfg = Debug|Any CPU
		{3D7EE44C-9FAC-4AB1-9BE3-492A48202523}.Debug|Any CPU.Build.0 = Debug|Any CPU
		{3D7EE44C-9FAC-4AB1-9BE3-492A48202523}.Release|Any CPU.ActiveCfg = Release|Any CPU
		{3D7EE44C-9FAC-4AB1-9BE3-492A48202523}.Release|Any CPU.Build.0 = Release|Any CPU
		{43912501-1FA9-4648-9D7F-C3EF4841F28B}.Debug|Any CPU.ActiveCfg = Debug|Any CPU
		{43912501-1FA9-4648-9D7F-C3EF4841F28B}.Debug|Any CPU.Build.0 = Debug|Any CPU
		{43912501-1FA9-4648-9D7F-C3EF4841F28B}.Release|Any CPU.ActiveCfg = Release|Any CPU
		{43912501-1FA9-4648-9D7F-C3EF4841F28B}.Release|Any CPU.Build.0 = Release|Any CPU
		{90BD601D-7FA6-4F9F-A928-FE94AD0ED0C9}.Debug|Any CPU.ActiveCfg = Debug|Any CPU
		{90BD601D-7FA6-4F9F-A928-FE94AD0ED0C9}.Debug|Any CPU.Build.0 = Debug|Any CPU
		{90BD601D-7FA6-4F9F-A928-FE94AD0ED0C9}.Release|Any CPU.ActiveCfg = Release|Any CPU
		{90BD601D-7FA6-4F9F-A928-FE94AD0ED0C9}.Release|Any CPU.Build.0 = Release|Any CPU
	EndGlobalSection
	GlobalSection(SolutionProperties) = preSolution
		HideSolutionNode = FALSE
	EndGlobalSection
	GlobalSection(ExtensibilityGlobals) = postSolution
		SolutionGuid = {4697C7BE-3319-41F9-9434-4DB72C8129AD}
	EndGlobalSection
EndGlobal
